
Microsoft Visual Studio Solution File, Format Version 12.00
# Visual Studio 14
VisualStudioVersion = 14.0.25420.1
MinimumVisualStudioVersion = 10.0.40219.1
Project("{FAE04EC0-301F-11D3-BF4B-00C04F79EFBC}") = "Model", "Model\Model.csproj", "{8919714D-E9E9-4441-A979-70C3247BE57B}"
EndProject
Project("{FAE04EC0-301F-11D3-BF4B-00C04F79EFBC}") = "UnitTest", "UnitTest\UnitTest.csproj", "{6DC78DEF-6346-4E5A-97E4-1860A5DD1C36}"
EndProject
Project("{FAE04EC0-301F-11D3-BF4B-00C04F79EFBC}") = "WPFClient", "WPFClient\WPFClient.csproj", "{8A3822D2-71BB-488C-BBFA-C9C75E77F668}"
EndProject
Global
	GlobalSection(SolutionConfigurationPlatforms) = preSolution
		Debug|Any CPU = Debug|Any CPU
		Release|Any CPU = Release|Any CPU
	EndGlobalSection
	GlobalSection(ProjectConfigurationPlatforms) = postSolution
		{8919714D-E9E9-4441-A979-70C3247BE57B}.Debug|Any CPU.ActiveCfg = Debug|Any CPU
		{8919714D-E9E9-4441-A979-70C3247BE57B}.Debug|Any CPU.Build.0 = Debug|Any CPU
		{8919714D-E9E9-4441-A979-70C3247BE57B}.Release|Any CPU.ActiveCfg = Release|Any CPU
		{8919714D-E9E9-4441-A979-70C3247BE57B}.Release|Any CPU.Build.0 = Release|Any CPU
		{6DC78DEF-6346-4E5A-97E4-1860A5DD1C36}.Debug|Any CPU.ActiveCfg = Debug|Any CPU
		{6DC78DEF-6346-4E5A-97E4-1860A5DD1C36}.Debug|Any CPU.Build.0 = Debug|Any CPU
		{6DC78DEF-6346-4E5A-97E4-1860A5DD1C36}.Release|Any CPU.ActiveCfg = Release|Any CPU
		{6DC78DEF-6346-4E5A-97E4-1860A5DD1C36}.Release|Any CPU.Build.0 = Release|Any CPU
		{8A3822D2-71BB-488C-BBFA-C9C75E77F668}.Debug|Any CPU.ActiveCfg = Debug|Any CPU
		{8A3822D2-71BB-488C-BBFA-C9C75E77F668}.Debug|Any CPU.Build.0 = Debug|Any CPU
		{8A3822D2-71BB-488C-BBFA-C9C75E77F668}.Release|Any CPU.ActiveCfg = Release|Any CPU
		{8A3822D2-71BB-488C-BBFA-C9C75E77F668}.Release|Any CPU.Build.0 = Release|Any CPU
	EndGlobalSection
	GlobalSection(SolutionProperties) = preSolution
		HideSolutionNode = FALSE
	EndGlobalSection
EndGlobal
